
Microsoft Visual Studio Solution File, Format Version 12.00
# Visual Studio 14
VisualStudioVersion = 14.0.25420.1
MinimumVisualStudioVersion = 10.0.40219.1
Project("{159641D6-6404-4A2A-AE62-294DE0FE8301}") = "etl-ssis-d0023-vlinders", "etl-ssis_vlinder\etl-ssis-d0023-vlinders.dtproj", "{62C6A436-1553-4D70-958E-CE5A0043FFC5}"
EndProject
Global
	GlobalSection(SolutionConfigurationPlatforms) = preSolution
		Development|Default = Development|Default
	EndGlobalSection
	GlobalSection(ProjectConfigurationPlatforms) = postSolution
		{62C6A436-1553-4D70-958E-CE5A0043FFC5}.Development|Default.ActiveCfg = Development
		{62C6A436-1553-4D70-958E-CE5A0043FFC5}.Development|Default.Build.0 = Development
	EndGlobalSection
	GlobalSection(SolutionProperties) = preSolution
		HideSolutionNode = FALSE
	EndGlobalSection
EndGlobal
